
Microsoft Visual Studio Solution File, Format Version 12.00
# Visual Studio Version 17
VisualStudioVersion = 17.0.31612.314
MinimumVisualStudioVersion = 10.0.40219.1
Project("{9A19103F-16F7-4668-BE54-9A1E7A4F7556}") = "GenericRepository", "GenericRepository\GenericRepository.csproj", "{A6F2585C-759C-4772-9A19-3FC9AFB8A101}"
EndProject
Project("{9A19103F-16F7-4668-BE54-9A1E7A4F7556}") = "SharedKernel", "SharedKernel\SharedKernel.csproj", "{7B73EDAF-8E69-4704-A894-8589C5E36D2F}"
EndProject
Project("{FAE04EC0-301F-11D3-BF4B-00C04F79EFBC}") = "IGenericRepository", "IGenericRepository\IGenericRepository.csproj", "{CC6F555B-B47D-419F-88ED-5C75DE890FB3}"
EndProject
Global
	GlobalSection(SolutionConfigurationPlatforms) = preSolution
		Debug|Any CPU = Debug|Any CPU
		Release|Any CPU = Release|Any CPU
	EndGlobalSection
	GlobalSection(ProjectConfigurationPlatforms) = postSolution
		{A6F2585C-759C-4772-9A19-3FC9AFB8A101}.Debug|Any CPU.ActiveCfg = Debug|Any CPU
		{A6F2585C-759C-4772-9A19-3FC9AFB8A101}.Debug|Any CPU.Build.0 = Debug|Any CPU
		{A6F2585C-759C-4772-9A19-3FC9AFB8A101}.Release|Any CPU.ActiveCfg = Release|Any CPU
		{A6F2585C-759C-4772-9A19-3FC9AFB8A101}.Release|Any CPU.Build.0 = Release|Any CPU
		{7B73EDAF-8E69-4704-A894-8589C5E36D2F}.Debug|Any CPU.ActiveCfg = Debug|Any CPU
		{7B73EDAF-8E69-4704-A894-8589C5E36D2F}.Debug|Any CPU.Build.0 = Debug|Any CPU
		{7B73EDAF-8E69-4704-A894-8589C5E36D2F}.Release|Any CPU.ActiveCfg = Release|Any CPU
		{7B73EDAF-8E69-4704-A894-8589C5E36D2F}.Release|Any CPU.Build.0 = Release|Any CPU
		{CC6F555B-B47D-419F-88ED-5C75DE890FB3}.Debug|Any CPU.ActiveCfg = Debug|Any CPU
		{CC6F555B-B47D-419F-88ED-5C75DE890FB3}.Debug|Any CPU.Build.0 = Debug|Any CPU
		{CC6F555B-B47D-419F-88ED-5C75DE890FB3}.Release|Any CPU.ActiveCfg = Release|Any CPU
		{CC6F555B-B47D-419F-88ED-5C75DE890FB3}.Release|Any CPU.Build.0 = Release|Any CPU
	EndGlobalSection
	GlobalSection(SolutionProperties) = preSolution
		HideSolutionNode = FALSE
	EndGlobalSection
	GlobalSection(ExtensibilityGlobals) = postSolution
		SolutionGuid = {6136CF56-5365-4C24-BFD2-805CE71FBBF1}
	EndGlobalSection
EndGlobal
